
Microsoft Visual Studio Solution File, Format Version 12.00
Project("{FAE04EC0-301F-11D3-BF4B-00C04F79EFBC}") = "ExceptionExample", "ExceptionExample\ExceptionExample.csproj", "{01D66417-216B-4198-A91A-72F3A74FE94D}"
EndProject
Project("{FAE04EC0-301F-11D3-BF4B-00C04F79EFBC}") = "ExceptionExampleTests", "ExceptionExampleTests\ExceptionExampleTests.csproj", "{119D0DF6-2E85-4848-B725-39A032D0FD0E}"
EndProject
Global
	GlobalSection(SolutionConfigurationPlatforms) = preSolution
		Debug|Any CPU = Debug|Any CPU
		Release|Any CPU = Release|Any CPU
	EndGlobalSection
	GlobalSection(ProjectConfigurationPlatforms) = postSolution
		{01D66417-216B-4198-A91A-72F3A74FE94D}.Debug|Any CPU.ActiveCfg = Debug|Any CPU
		{01D66417-216B-4198-A91A-72F3A74FE94D}.Debug|Any CPU.Build.0 = Debug|Any CPU
		{01D66417-216B-4198-A91A-72F3A74FE94D}.Release|Any CPU.ActiveCfg = Release|Any CPU
		{01D66417-216B-4198-A91A-72F3A74FE94D}.Release|Any CPU.Build.0 = Release|Any CPU
		{119D0DF6-2E85-4848-B725-39A032D0FD0E}.Debug|Any CPU.ActiveCfg = Debug|Any CPU
		{119D0DF6-2E85-4848-B725-39A032D0FD0E}.Debug|Any CPU.Build.0 = Debug|Any CPU
		{119D0DF6-2E85-4848-B725-39A032D0FD0E}.Release|Any CPU.ActiveCfg = Release|Any CPU
		{119D0DF6-2E85-4848-B725-39A032D0FD0E}.Release|Any CPU.Build.0 = Release|Any CPU
	EndGlobalSection
EndGlobal
